
Microsoft Visual Studio Solution File, Format Version 12.00
# Visual Studio Version 16
VisualStudioVersion = 16.0.28803.452
MinimumVisualStudioVersion = 10.0.40219.1
Project("{9A19103F-16F7-4668-BE54-9A1E7A4F7556}") = "Interview_solufemi91", "Interview_solufemi91\Interview_solufemi91.csproj", "{F56D0D52-B43D-4BE5-9BAD-1C7390CD074D}"
EndProject
Project("{00D1A9C2-B5F0-4AF3-8072-F6C62B433612}") = "LBRDatabaseProject", "LBRDatabaseProject\LBRDatabaseProject.sqlproj", "{E6F209DB-6C1D-489C-9455-6723ED46A96F}"
EndProject
Global
	GlobalSection(SolutionConfigurationPlatforms) = preSolution
		Debug|Any CPU = Debug|Any CPU
		Release|Any CPU = Release|Any CPU
	EndGlobalSection
	GlobalSection(ProjectConfigurationPlatforms) = postSolution
		{F56D0D52-B43D-4BE5-9BAD-1C7390CD074D}.Debug|Any CPU.ActiveCfg = Debug|Any CPU
		{F56D0D52-B43D-4BE5-9BAD-1C7390CD074D}.Debug|Any CPU.Build.0 = Debug|Any CPU
		{F56D0D52-B43D-4BE5-9BAD-1C7390CD074D}.Release|Any CPU.ActiveCfg = Release|Any CPU
		{F56D0D52-B43D-4BE5-9BAD-1C7390CD074D}.Release|Any CPU.Build.0 = Release|Any CPU
		{E6F209DB-6C1D-489C-9455-6723ED46A96F}.Debug|Any CPU.ActiveCfg = Debug|Any CPU
		{E6F209DB-6C1D-489C-9455-6723ED46A96F}.Debug|Any CPU.Build.0 = Debug|Any CPU
		{E6F209DB-6C1D-489C-9455-6723ED46A96F}.Debug|Any CPU.Deploy.0 = Debug|Any CPU
		{E6F209DB-6C1D-489C-9455-6723ED46A96F}.Release|Any CPU.ActiveCfg = Release|Any CPU
		{E6F209DB-6C1D-489C-9455-6723ED46A96F}.Release|Any CPU.Build.0 = Release|Any CPU
		{E6F209DB-6C1D-489C-9455-6723ED46A96F}.Release|Any CPU.Deploy.0 = Release|Any CPU
	EndGlobalSection
	GlobalSection(SolutionProperties) = preSolution
		HideSolutionNode = FALSE
	EndGlobalSection
	GlobalSection(ExtensibilityGlobals) = postSolution
		SolutionGuid = {B7DAE978-0719-4C7D-A426-CF212435AEB4}
	EndGlobalSection
EndGlobal
